{
    "requires": true,
    "lockfileVersion": 1,
    "dependencies": {
        "@ttskch/select2-bootstrap4-theme": {
            "version": "1.4.0",
            "resolved": "https://registry.npmjs.org/@ttskch/select2-bootstrap4-theme/-/select2-bootstrap4-theme-1.4.0.tgz",
            "integrity": "sha512-5WVMdFpQLx0vKxX0/LfapI0aE+qUYOuOuMjOc+ecN8vsr7plcBsgIbp4YtlpLmQR9aqgyM1QyqEiO/FwB+qaqQ=="
        }
    }
}
